{
  "name": "mongodb-rest-api",
  "version": "0.0.4",
  "lockfileVersion": 1,
  "requires": true,
  "dependencies": {
    "normalize-port": {
      "version": "1.0.0",
      "resolved": "https://registry.npmjs.org/normalize-port/-/normalize-port-1.0.0.tgz",
      "integrity": "sha1-IbJNFo5WwoUxmalwvTEzpZ6KXBY="
    },
    "uikit": {
      "version": "3.1.7",
      "resolved": "https://registry.npmjs.org/uikit/-/uikit-3.1.7.tgz",
      "integrity": "sha512-eKVrD6ccMltGpjuphLUTXpqln0Q9aNa0+4HrxEO85i1BD4N2MvpZqsva6gOSZTDnmnen0XeNbPCP+aiU2u2lmw=="
    }
  }
}
